github.com/ClickHouse/clickhouse-go/v2 v2.40.1/go.mod h1:GDzSBLVhladVm8V01aEB36IoBOVLLICfyeuiIp/8Ezc=
github.com/open-telemetry/opentelemetry-collector-contrib/internal/coreinternal v0.133.0/go.mod h1:0P77+HcOI9SXAw17nXJ5A5DEiZdOAJW4IqNdlcoeX7I=
github.com/testcontainers/testcontainers-go v0.38.0/go.mod h1:C52c9MoHpWO+C4aqmgSU+hxlR5jlEayWtgYrb8Pzz1w=
go.opentelemetry.io/collector/component v1.39.0/go.mod h1:NPaMPTLQuxm5QaaWdqkxYKztC0bRdV+86Q9ir7xS/2k=
go.opentelemetry.io/collector/component/componenttest v0.133.0/go.mod h1:E+oqRK03WjG/b1aX1pd0CfTKh12MPTKbEBaBROp4w0M=
go.opentelemetry.io/collector/config/configopaque v1.39.0/go.mod h1:8Vdnf+0NQcmUycbrPkaB0lnMuxIKA1d9ptHSuUL9ggs=
go.opentelemetry.io/collector/config/configretry v1.39.0/go.mod h1:zxag3ZOUgOZOYGWI2RgXj4O37ZMamlrxadBeXVb4Tag=
go.opentelemetry.io/collector/confmap v1.39.0/go.mod h1:P/oXKO4JEESNVyJmayVJe90UgiNK38EtG++ChKROS0c=
go.opentelemetry.io/collector/confmap/xconfmap v0.133.0/go.mod h1:cd63uv7oPkQohRlLqaBctjXdDRGeMkXH0Ni7p4Y4IAE=
go.opentelemetry.io/collector/exporter v0.133.0/go.mod h1:qw8gYmANhUnUmjTEJdP0e+EirLA/qOdnjnD1EVjvhjA=
go.opentelemetry.io/collector/exporter/exportertest v0.133.0/go.mod h1:7ebEzg1tOTZfYfeN8QfdOdW81bxtAtzuUZOB45qcmH8=
go.opentelemetry.io/collector/featuregate v1.39.0/go.mod h1:A72x92glpH3zxekaUybml1vMSv94BH6jQRn5+/htcjw=
go.opentelemetry.io/collector/pdata v1.39.0/go.mod h1:jmolu6zwqNaq8qJ4IgCpNWBEwJNPLE1qqOz9GnpqxME=
go.opentelemetry.io/otel v1.37.0/go.mod h1:ehE/umFRLnuLa/vSccNq9oS1ErUlkkK71gMcN34UG8I=
go.uber.org/goleak v1.3.0/go.mod h1:CoHD4mav9JJNrW/WLlf7HGZPjdw8EucARQHekz1X6bE=
go.uber.org/zap v1.27.0/go.mod h1:GB2qFLM7cTU87MWRP2mPIjqfIDnGu+VIO4V/SdhGo2E=
